// !$*UTF8*$!
{
	archiveVersion = 1;
	classes = {
	};
	objectVersion = 46;
	objects = {

/* Begin PBXBuildFile section */
		804F73772522757A00C69F69 /* AudioFileModelFactory.m in Sources */ = {isa = PBXBuildFile; fileRef = 804F73762522757A00C69F69 /* AudioFileModelFactory.m */; };
		80911B6725172B4D008BC114 /* AudioFileModel.m in Sources */ = {isa = PBXBuildFile; fileRef = 80911B6625172B4D008BC114 /* AudioFileModel.m */; };
		C39A88DF1C143FF5000E2613 /* AudioFileConversionController.m in Sources */ = {isa = PBXBuildFile; fileRef = C39A88DE1C143FF5000E2613 /* AudioFileConversionController.m */; };
		C39A88E41C14527E000E2613 /* AudioFileReaderWriter.m in Sources */ = {isa = PBXBuildFile; fileRef = C39A88E31C14527E000E2613 /* AudioFileReaderWriter.m */; };
		C39A88E71C145E7A000E2613 /* FileOperations.m in Sources */ = {isa = PBXBuildFile; fileRef = C39A88E61C145E7A000E2613 /* FileOperations.m */; };
		C39A88EC1C15A4DE000E2613 /* exportOptionsVC.swift in Sources */ = {isa = PBXBuildFile; fileRef = C39A88EB1C15A4DE000E2613 /* exportOptionsVC.swift */; };
		C39A88F11C15AA75000E2613 /* MpcUserDefaults.m in Sources */ = {isa = PBXBuildFile; fileRef = C39A88F01C15AA75000E2613 /* MpcUserDefaults.m */; };
		C39A88F61C15BFE6000E2613 /* ExportConfig.m in Sources */ = {isa = PBXBuildFile; fileRef = C39A88F51C15BFE6000E2613 /* ExportConfig.m */; };
		C39A88FA1C16D77A000E2613 /* MpcFileNameGenerator.m in Sources */ = {isa = PBXBuildFile; fileRef = C39A88F91C16D77A000E2613 /* MpcFileNameGenerator.m */; };
		C3F038B41C12FF8B00EB3849 /* AppDelegate.swift in Sources */ = {isa = PBXBuildFile; fileRef = C3F038B31C12FF8B00EB3849 /* AppDelegate.swift */; };
		C3F038B61C12FF8B00EB3849 /* ViewController.swift in Sources */ = {isa = PBXBuildFile; fileRef = C3F038B51C12FF8B00EB3849 /* ViewController.swift */; };
		C3F038B81C12FF8B00EB3849 /* Assets.xcassets in Resources */ = {isa = PBXBuildFile; fileRef = C3F038B71C12FF8B00EB3849 /* Assets.xcassets */; };
		C3F038BB1C12FF8B00EB3849 /* Main.storyboard in Resources */ = {isa = PBXBuildFile; fileRef = C3F038B91C12FF8B00EB3849 /* Main.storyboard */; };
/* End PBXBuildFile section */

/* Begin PBXFileReference section */
		804F73752522750500C69F69 /* AudioFileModelFactory.h */ = {isa = PBXFileReference; lastKnownFileType = sourcecode.c.h; path = AudioFileModelFactory.h; sourceTree = "<group>"; };
		804F73762522757A00C69F69 /* AudioFileModelFactory.m */ = {isa = PBXFileReference; lastKnownFileType = sourcecode.c.objc; path = AudioFileModelFactory.m; sourceTree = "<group>"; };
		80911B6625172B4D008BC114 /* AudioFileModel.m */ = {isa = PBXFileReference; lastKnownFileType = sourcecode.c.objc; path = AudioFileModel.m; sourceTree = "<group>"; };
		80911B6825172B83008BC114 /* AudioFileModel.h */ = {isa = PBXFileReference; lastKnownFileType = sourcecode.c.h; path = AudioFileModel.h; sourceTree = "<group>"; };
		C39A88DD1C143FF5000E2613 /* AudioFileConversionController.h */ = {isa = PBXFileReference; fileEncoding = 4; lastKnownFileType = sourcecode.c.h; path = AudioFileConversionController.h; sourceTree = "<group>"; };
		C39A88DE1C143FF5000E2613 /* AudioFileConversionController.m */ = {isa = PBXFileReference; fileEncoding = 4; lastKnownFileType = sourcecode.c.objc; path = AudioFileConversionController.m; sourceTree = "<group>"; };
		C39A88E21C14527E000E2613 /* AudioFileReaderWriter.h */ = {isa = PBXFileReference; fileEncoding = 4; lastKnownFileType = sourcecode.c.h; path = AudioFileReaderWriter.h; sourceTree = "<group>"; };
		C39A88E31C14527E000E2613 /* AudioFileReaderWriter.m */ = {isa = PBXFileReference; fileEncoding = 4; lastKnownFileType = sourcecode.c.objc; path = AudioFileReaderWriter.m; sourceTree = "<group>"; };
		C39A88E51C145E7A000E2613 /* FileOperations.h */ = {isa = PBXFileReference; fileEncoding = 4; lastKnownFileType = sourcecode.c.h; path = FileOperations.h; sourceTree = "<group>"; };
		C39A88E61C145E7A000E2613 /* FileOperations.m */ = {isa = PBXFileReference; fileEncoding = 4; lastKnownFileType = sourcecode.c.objc; path = FileOperations.m; sourceTree = "<group>"; };
		C39A88EB1C15A4DE000E2613 /* exportOptionsVC.swift */ = {isa = PBXFileReference; fileEncoding = 4; lastKnownFileType = sourcecode.swift; path = exportOptionsVC.swift; sourceTree = "<group>"; };
		C39A88EF1C15AA75000E2613 /* MpcUserDefaults.h */ = {isa = PBXFileReference; fileEncoding = 4; lastKnownFileType = sourcecode.c.h; path = MpcUserDefaults.h; sourceTree = "<group>"; };
		C39A88F01C15AA75000E2613 /* MpcUserDefaults.m */ = {isa = PBXFileReference; fileEncoding = 4; lastKnownFileType = sourcecode.c.objc; path = MpcUserDefaults.m; sourceTree = "<group>"; };
		C39A88F41C15BFE6000E2613 /* ExportConfig.h */ = {isa = PBXFileReference; fileEncoding = 4; lastKnownFileType = sourcecode.c.h; path = ExportConfig.h; sourceTree = "<group>"; };
		C39A88F51C15BFE6000E2613 /* ExportConfig.m */ = {isa = PBXFileReference; fileEncoding = 4; lastKnownFileType = sourcecode.c.objc; path = ExportConfig.m; sourceTree = "<group>"; };
		C39A88F81C16D77A000E2613 /* MpcFileNameGenerator.h */ = {isa = PBXFileReference; fileEncoding = 4; lastKnownFileType = sourcecode.c.h; path = MpcFileNameGenerator.h; sourceTree = "<group>"; };
		C39A88F91C16D77A000E2613 /* MpcFileNameGenerator.m */ = {isa = PBXFileReference; fileEncoding = 4; lastKnownFileType = sourcecode.c.objc; path = MpcFileNameGenerator.m; sourceTree = "<group>"; };
		C3F038B01C12FF8B00EB3849 /* MpBlaze.app */ = {isa = PBXFileReference; explicitFileType = wrapper.application; includeInIndex = 0; path = MpBlaze.app; sourceTree = BUILT_PRODUCTS_DIR; };
		C3F038B31C12FF8B00EB3849 /* AppDelegate.swift */ = {isa = PBXFileReference; lastKnownFileType = sourcecode.swift; path = AppDelegate.swift; sourceTree = "<group>"; };
		C3F038B51C12FF8B00EB3849 /* ViewController.swift */ = {isa = PBXFileReference; lastKnownFileType = sourcecode.swift; path = ViewController.swift; sourceTree = "<group>"; };
		C3F038B71C12FF8B00EB3849 /* Assets.xcassets */ = {isa = PBXFileReference; lastKnownFileType = folder.assetcatalog; path = Assets.xcassets; sourceTree = "<group>"; };
		C3F038BA1C12FF8B00EB3849 /* Base */ = {isa = PBXFileReference; lastKnownFileType = file.storyboard; name = Base; path = Base.lproj/Main.storyboard; sourceTree = "<group>"; };
		C3F038BC1C12FF8B00EB3849 /* Info.plist */ = {isa = PBXFileReference; lastKnownFileType = text.plist.xml; path = Info.plist; sourceTree = "<group>"; };
		C3F038C61C131B3200EB3849 /* mpc-audio-Bridging-Header.h */ = {isa = PBXFileReference; lastKnownFileType = sourcecode.c.h; path = "mpc-audio-Bridging-Header.h"; sourceTree = "<group>"; };
/* End PBXFileReference section */

/* Begin PBXFrameworksBuildPhase section */
		C3F038AD1C12FF8B00EB3849 /* Frameworks */ = {
			isa = PBXFrameworksBuildPhase;
			buildActionMask = 2147483647;
			files = (
			);
			runOnlyForDeploymentPostprocessing = 0;
		};
/* End PBXFrameworksBuildPhase section */

/* Begin PBXGroup section */
		C39A88E81C146D2E000E2613 /* AudioFileConversion */ = {
			isa = PBXGroup;
			children = (
				C39A88DD1C143FF5000E2613 /* AudioFileConversionController.h */,
				C39A88DE1C143FF5000E2613 /* AudioFileConversionController.m */,
				C39A88E21C14527E000E2613 /* AudioFileReaderWriter.h */,
				C39A88E31C14527E000E2613 /* AudioFileReaderWriter.m */,
				C39A88F81C16D77A000E2613 /* MpcFileNameGenerator.h */,
				C39A88F91C16D77A000E2613 /* MpcFileNameGenerator.m */,
				80911B6825172B83008BC114 /* AudioFileModel.h */,
				80911B6625172B4D008BC114 /* AudioFileModel.m */,
				804F73752522750500C69F69 /* AudioFileModelFactory.h */,
				804F73762522757A00C69F69 /* AudioFileModelFactory.m */,
			);
			name = AudioFileConversion;
			sourceTree = "<group>";
		};
		C39A88F21C15ABAD000E2613 /* ViewControllers */ = {
			isa = PBXGroup;
			children = (
				C39A88EB1C15A4DE000E2613 /* exportOptionsVC.swift */,
				C3F038B51C12FF8B00EB3849 /* ViewController.swift */,
			);
			name = ViewControllers;
			sourceTree = "<group>";
		};
		C39A88F31C15ABBD000E2613 /* Config */ = {
			isa = PBXGroup;
			children = (
				C39A88EF1C15AA75000E2613 /* MpcUserDefaults.h */,
				C39A88F01C15AA75000E2613 /* MpcUserDefaults.m */,
				C39A88F41C15BFE6000E2613 /* ExportConfig.h */,
				C39A88F51C15BFE6000E2613 /* ExportConfig.m */,
			);
			name = Config;
			sourceTree = "<group>";
		};
		C39A88F71C16D411000E2613 /* Utilts */ = {
			isa = PBXGroup;
			children = (
				C39A88E51C145E7A000E2613 /* FileOperations.h */,
				C39A88E61C145E7A000E2613 /* FileOperations.m */,
			);
			name = Utilts;
			sourceTree = "<group>";
		};
		C3F038A71C12FF8B00EB3849 = {
			isa = PBXGroup;
			children = (
				C3F038B21C12FF8B00EB3849 /* mpc-audio */,
				C3F038B11C12FF8B00EB3849 /* Products */,
			);
			sourceTree = "<group>";
		};
		C3F038B11C12FF8B00EB3849 /* Products */ = {
			isa = PBXGroup;
			children = (
				C3F038B01C12FF8B00EB3849 /* MpBlaze.app */,
			);
			name = Products;
			sourceTree = "<group>";
		};
		C3F038B21C12FF8B00EB3849 /* mpc-audio */ = {
			isa = PBXGroup;
			children = (
				C39A88F71C16D411000E2613 /* Utilts */,
				C39A88F31C15ABBD000E2613 /* Config */,
				C39A88F21C15ABAD000E2613 /* ViewControllers */,
				C39A88E81C146D2E000E2613 /* AudioFileConversion */,
				C3F038B31C12FF8B00EB3849 /* AppDelegate.swift */,
				C3F038B71C12FF8B00EB3849 /* Assets.xcassets */,
				C3F038B91C12FF8B00EB3849 /* Main.storyboard */,
				C3F038BC1C12FF8B00EB3849 /* Info.plist */,
				C3F038C61C131B3200EB3849 /* mpc-audio-Bridging-Header.h */,
			);
			path = "mpc-audio";
			sourceTree = "<group>";
		};
/* End PBXGroup section */

/* Begin PBXNativeTarget section */
		C3F038AF1C12FF8B00EB3849 /* MpBlaze */ = {
			isa = PBXNativeTarget;
			buildConfigurationList = C3F038BF1C12FF8B00EB3849 /* Build configuration list for PBXNativeTarget "MpBlaze" */;
			buildPhases = (
				C3F038AC1C12FF8B00EB3849 /* Sources */,
				C3F038AD1C12FF8B00EB3849 /* Frameworks */,
				C3F038AE1C12FF8B00EB3849 /* Resources */,
			);
			buildRules = (
			);
			dependencies = (
			);
			name = MpBlaze;
			productName = "mpc-audio";
			productReference = C3F038B01C12FF8B00EB3849 /* MpBlaze.app */;
			productType = "com.apple.product-type.application";
		};
/* End PBXNativeTarget section */

/* Begin PBXProject section */
		C3F038A81C12FF8B00EB3849 /* Project object */ = {
			isa = PBXProject;
			attributes = {
				LastSwiftUpdateCheck = 0710;
				LastUpgradeCheck = 1170;
				ORGANIZATIONNAME = "Carl Taylor";
				TargetAttributes = {
					C3F038AF1C12FF8B00EB3849 = {
						CreatedOnToolsVersion = 7.1.1;
						DevelopmentTeam = LEF7JX8LTJ;
						LastSwiftMigration = 0820;
						ProvisioningStyle = Automatic;
					};
				};
			};
			buildConfigurationList = C3F038AB1C12FF8B00EB3849 /* Build configuration list for PBXProject "MpBlaze" */;
			compatibilityVersion = "Xcode 3.2";
			developmentRegion = en;
			hasScannedForEncodings = 0;
			knownRegions = (
				en,
				Base,
			);
			mainGroup = C3F038A71C12FF8B00EB3849;
			productRefGroup = C3F038B11C12FF8B00EB3849 /* Products */;
			projectDirPath = "";
			projectRoot = "";
			targets = (
				C3F038AF1C12FF8B00EB3849 /* MpBlaze */,
			);
		};
/* End PBXProject section */

/* Begin PBXResourcesBuildPhase section */
		C3F038AE1C12FF8B00EB3849 /* Resources */ = {
			isa = PBXResourcesBuildPhase;
			buildActionMask = 2147483647;
			files = (
				C3F038B81C12FF8B00EB3849 /* Assets.xcassets in Resources */,
				C3F038BB1C12FF8B00EB3849 /* Main.storyboard in Resources */,
			);
			runOnlyForDeploymentPostprocessing = 0;
		};
/* End PBXResourcesBuildPhase section */

/* Begin PBXSourcesBuildPhase section */
		C3F038AC1C12FF8B00EB3849 /* Sources */ = {
			isa = PBXSourcesBuildPhase;
			buildActionMask = 2147483647;
			files = (
				C39A88FA1C16D77A000E2613 /* MpcFileNameGenerator.m in Sources */,
				C3F038B61C12FF8B00EB3849 /* ViewController.swift in Sources */,
				C39A88E71C145E7A000E2613 /* FileOperations.m in Sources */,
				C39A88DF1C143FF5000E2613 /* AudioFileConversionController.m in Sources */,
				C39A88F11C15AA75000E2613 /* MpcUserDefaults.m in Sources */,
				C39A88F61C15BFE6000E2613 /* ExportConfig.m in Sources */,
				C3F038B41C12FF8B00EB3849 /* AppDelegate.swift in Sources */,
				C39A88E41C14527E000E2613 /* AudioFileReaderWriter.m in Sources */,
				80911B6725172B4D008BC114 /* AudioFileModel.m in Sources */,
				C39A88EC1C15A4DE000E2613 /* exportOptionsVC.swift in Sources */,
				804F73772522757A00C69F69 /* AudioFileModelFactory.m in Sources */,
			);
			runOnlyForDeploymentPostprocessing = 0;
		};
/* End PBXSourcesBuildPhase section */

/* Begin PBXVariantGroup section */
		C3F038B91C12FF8B00EB3849 /* Main.storyboard */ = {
			isa = PBXVariantGroup;
			children = (
				C3F038BA1C12FF8B00EB3849 /* Base */,
			);
			name = Main.storyboard;
			sourceTree = "<group>";
		};
/* End PBXVariantGroup section */

/* Begin XCBuildConfiguration section */
		C3F038BD1C12FF8B00EB3849 /* Debug */ = {
			isa = XCBuildConfiguration;
			buildSettings = {
				ALWAYS_SEARCH_USER_PATHS = NO;
				CLANG_CXX_LANGUAGE_STANDARD = "gnu++0x";
				CLANG_CXX_LIBRARY = "libc++";
				CLANG_ENABLE_MODULES = YES;
				CLANG_ENABLE_OBJC_ARC = YES;
				CLANG_WARN_BLOCK_CAPTURE_AUTORELEASING = YES;
				CLANG_WARN_BOOL_CONVERSION = YES;
				CLANG_WARN_COMMA = YES;
				CLANG_WARN_CONSTANT_CONVERSION = YES;
				CLANG_WARN_DEPRECATED_OBJC_IMPLEMENTATIONS = YES;
				CLANG_WARN_DIRECT_OBJC_ISA_USAGE = YES_ERROR;
				CLANG_WARN_EMPTY_BODY = YES;
				CLANG_WARN_ENUM_CONVERSION = YES;
				CLANG_WARN_INFINITE_RECURSION = YES;
				CLANG_WARN_INT_CONVERSION = YES;
				CLANG_WARN_NON_LITERAL_NULL_CONVERSION = YES;
				CLANG_WARN_OBJC_IMPLICIT_RETAIN_SELF = YES;
				CLANG_WARN_OBJC_LITERAL_CONVERSION = YES;
				CLANG_WARN_OBJC_ROOT_CLASS = YES_ERROR;
				CLANG_WARN_RANGE_LOOP_ANALYSIS = YES;
				CLANG_WARN_STRICT_PROTOTYPES = YES;
				CLANG_WARN_SUSPICIOUS_MOVE = YES;
				CLANG_WARN_UNREACHABLE_CODE = YES;
				CLANG_WARN__DUPLICATE_METHOD_MATCH = YES;
				CODE_SIGN_IDENTITY = "Don't Code Sign";
				COPY_PHASE_STRIP = NO;
				DEBUG_INFORMATION_FORMAT = dwarf;
				ENABLE_STRICT_OBJC_MSGSEND = YES;
				ENABLE_TESTABILITY = YES;
				GCC_C_LANGUAGE_STANDARD = gnu99;
				GCC_DYNAMIC_NO_PIC = NO;
				GCC_NO_COMMON_BLOCKS = YES;
				GCC_OPTIMIZATION_LEVEL = 0;
				GCC_PREPROCESSOR_DEFINITIONS = (
					"DEBUG=1",
					"$(inherited)",
				);
				GCC_WARN_64_TO_32_BIT_CONVERSION = YES;
				GCC_WARN_ABOUT_RETURN_TYPE = YES_ERROR;
				GCC_WARN_UNDECLARED_SELECTOR = YES;
				GCC_WARN_UNINITIALIZED_AUTOS = YES_AGGRESSIVE;
				GCC_WARN_UNUSED_FUNCTION = YES;
				GCC_WARN_UNUSED_VARIABLE = YES;
				MACOSX_DEPLOYMENT_TARGET = 10.10;
				MTL_ENABLE_DEBUG_INFO = YES;
				ONLY_ACTIVE_ARCH = YES;
				SDKROOT = macosx;
				SWIFT_OPTIMIZATION_LEVEL = "-Onone";
				SWIFT_VERSION = 4.2;
			};
			name = Debug;
		};
		C3F038BE1C12FF8B00EB3849 /* Release */ = {
			isa = XCBuildConfiguration;
			buildSettings = {
				ALWAYS_SEARCH_USER_PATHS = NO;
				CLANG_CXX_LANGUAGE_STANDARD = "gnu++0x";
				CLANG_CXX_LIBRARY = "libc++";
				CLANG_ENABLE_MODULES = YES;
				CLANG_ENABLE_OBJC_ARC = YES;
				CLANG_WARN_BLOCK_CAPTURE_AUTORELEASING = YES;
				CLANG_WARN_BOOL_CONVERSION = YES;
				CLANG_WARN_COMMA = YES;
				CLANG_WARN_CONSTANT_CONVERSION = YES;
				CLANG_WARN_DEPRECATED_OBJC_IMPLEMENTATIONS = YES;
				CLANG_WARN_DIRECT_OBJC_ISA_USAGE = YES_ERROR;
				CLANG_WARN_EMPTY_BODY = YES;
				CLANG_WARN_ENUM_CONVERSION = YES;
				CLANG_WARN_INFINITE_RECURSION = YES;
				CLANG_WARN_INT_CONVERSION = YES;
				CLANG_WARN_NON_LITERAL_NULL_CONVERSION = YES;
				CLANG_WARN_OBJC_IMPLICIT_RETAIN_SELF = YES;
				CLANG_WARN_OBJC_LITERAL_CONVERSION = YES;
				CLANG_WARN_OBJC_ROOT_CLASS = YES_ERROR;
				CLANG_WARN_RANGE_LOOP_ANALYSIS = YES;
				CLANG_WARN_STRICT_PROTOTYPES = YES;
				CLANG_WARN_SUSPICIOUS_MOVE = YES;
				CLANG_WARN_UNREACHABLE_CODE = YES;
				CLANG_WARN__DUPLICATE_METHOD_MATCH = YES;
				CODE_SIGN_IDENTITY = "Don't Code Sign";
				COPY_PHASE_STRIP = NO;
				DEBUG_INFORMATION_FORMAT = "dwarf-with-dsym";
				ENABLE_NS_ASSERTIONS = NO;
				ENABLE_STRICT_OBJC_MSGSEND = YES;
				GCC_C_LANGUAGE_STANDARD = gnu99;
				GCC_NO_COMMON_BLOCKS = YES;
				GCC_WARN_64_TO_32_BIT_CONVERSION = YES;
				GCC_WARN_ABOUT_RETURN_TYPE = YES_ERROR;
				GCC_WARN_UNDECLARED_SELECTOR = YES;
				GCC_WARN_UNINITIALIZED_AUTOS = YES_AGGRESSIVE;
				GCC_WARN_UNUSED_FUNCTION = YES;
				GCC_WARN_UNUSED_VARIABLE = YES;
				MACOSX_DEPLOYMENT_TARGET = 10.10;
				MTL_ENABLE_DEBUG_INFO = NO;
				SDKROOT = macosx;
				SWIFT_OPTIMIZATION_LEVEL = "-Owholemodule";
				SWIFT_VERSION = 4.2;
			};
			name = Release;
		};
		C3F038C01C12FF8B00EB3849 /* Debug */ = {
			isa = XCBuildConfiguration;
			buildSettings = {
				ASSETCATALOG_COMPILER_APPICON_NAME = AppIcon;
				CLANG_ENABLE_MODULES = YES;
				CODE_SIGN_IDENTITY = "Apple Development";
				CODE_SIGN_STYLE = Automatic;
				COMBINE_HIDPI_IMAGES = YES;
				CURRENT_PROJECT_VERSION = 7;
				DEVELOPMENT_TEAM = LEF7JX8LTJ;
				ENABLE_HARDENED_RUNTIME = YES;
				INFOPLIST_FILE = "mpc-audio/Info.plist";
				LD_RUNPATH_SEARCH_PATHS = "$(inherited) @executable_path/../Frameworks";
				PRODUCT_BUNDLE_IDENTIFIER = "com.carltaylordev.mpc-audio";
				PRODUCT_NAME = MpBlaze;
				PROVISIONING_PROFILE_SPECIFIER = "";
				SWIFT_OBJC_BRIDGING_HEADER = "mpc-audio/mpc-audio-Bridging-Header.h";
				SWIFT_OPTIMIZATION_LEVEL = "-Onone";
				SWIFT_VERSION = 4.0;
			};
			name = Debug;
		};
		C3F038C11C12FF8B00EB3849 /* Release */ = {
			isa = XCBuildConfiguration;
			buildSettings = {
				ASSETCATALOG_COMPILER_APPICON_NAME = AppIcon;
				CLANG_ENABLE_MODULES = YES;
				CODE_SIGN_IDENTITY = "Developer ID Application";
				CODE_SIGN_STYLE = Manual;
				COMBINE_HIDPI_IMAGES = YES;
				CURRENT_PROJECT_VERSION = 7;
				DEVELOPMENT_TEAM = LEF7JX8LTJ;
				ENABLE_HARDENED_RUNTIME = YES;
				INFOPLIST_FILE = "mpc-audio/Info.plist";
				LD_RUNPATH_SEARCH_PATHS = "$(inherited) @executable_path/../Frameworks";
				PRODUCT_BUNDLE_IDENTIFIER = "com.carltaylordev.mpc-audio";
				PRODUCT_NAME = MpBlaze;
				PROVISIONING_PROFILE_SPECIFIER = "MPBlaze Outside App Store";
				SWIFT_OBJC_BRIDGING_HEADER = "mpc-audio/mpc-audio-Bridging-Header.h";
				SWIFT_VERSION = 4.0;
			};
			name = Release;
		};
/* End XCBuildConfiguration section */

/* Begin XCConfigurationList section */
		C3F038AB1C12FF8B00EB3849 /* Build configuration list for PBXProject "MpBlaze" */ = {
			isa = XCConfigurationList;
			buildConfigurations = (
				C3F038BD1C12FF8B00EB3849 /* Debug */,
				C3F038BE1C12FF8B00EB3849 /* Release */,
			);
			defaultConfigurationIsVisible = 0;
			defaultConfigurationName = Release;
		};
		C3F038BF1C12FF8B00EB3849 /* Build configuration list for PBXNativeTarget "MpBlaze" */ = {
			isa = XCConfigurationList;
			buildConfigurations = (
				C3F038C01C12FF8B00EB3849 /* Debug */,
				C3F038C11C12FF8B00EB3849 /* Release */,
			);
			defaultConfigurationIsVisible = 0;
			defaultConfigurationName = Release;
		};
/* End XCConfigurationList section */
	};
	rootObject = C3F038A81C12FF8B00EB3849 /* Project object */;
}
